
Microsoft Visual Studio Solution File, Format Version 12.00
# Visual Studio Version 16
VisualStudioVersion = 16.0.29613.14
MinimumVisualStudioVersion = 10.0.40219.1
Project("{FAE04EC0-301F-11D3-BF4B-00C04F79EFBC}") = "TestDownloadFlutter", "TestDownloadFlutter\TestDownloadFlutter.csproj", "{29A9352A-FA7E-4A48-ABD7-9AA8ECDB244F}"
EndProject
Global
	GlobalSection(SolutionConfigurationPlatforms) = preSolution
		Debug|Any CPU = Debug|Any CPU
		Release|Any CPU = Release|Any CPU
	EndGlobalSection
	GlobalSection(ProjectConfigurationPlatforms) = postSolution
		{29A9352A-FA7E-4A48-ABD7-9AA8ECDB244F}.Debug|Any CPU.ActiveCfg = Debug|Any CPU
		{29A9352A-FA7E-4A48-ABD7-9AA8ECDB244F}.Debug|Any CPU.Build.0 = Debug|Any CPU
		{29A9352A-FA7E-4A48-ABD7-9AA8ECDB244F}.Release|Any CPU.ActiveCfg = Release|Any CPU
		{29A9352A-FA7E-4A48-ABD7-9AA8ECDB244F}.Release|Any CPU.Build.0 = Release|Any CPU
	EndGlobalSection
	GlobalSection(SolutionProperties) = preSolution
		HideSolutionNode = FALSE
	EndGlobalSection
	GlobalSection(ExtensibilityGlobals) = postSolution
		SolutionGuid = {90E0BA85-16EC-43F9-8BC0-11419791C059}
	EndGlobalSection
EndGlobal
